
Microsoft Visual Studio Solution File, Format Version 12.00
# Visual Studio 15
VisualStudioVersion = 15.0.27428.2037
MinimumVisualStudioVersion = 10.0.40219.1
Project("{FAE04EC0-301F-11D3-BF4B-00C04F79EFBC}") = "ListaryDesktop", "ListaryDesktop.csproj", "{928FE324-F54C-47AF-9117-1DF5B9BA54C7}"
EndProject
Project("{FAE04EC0-301F-11D3-BF4B-00C04F79EFBC}") = "Keyword", "Keyword\Keyword.csproj", "{04168C64-EBD6-45BB-B517-1FF1135E9EFE}"
EndProject
Global
	GlobalSection(SolutionConfigurationPlatforms) = preSolution
		Debug|Any CPU = Debug|Any CPU
		Release|Any CPU = Release|Any CPU
	EndGlobalSection
	GlobalSection(ProjectConfigurationPlatforms) = postSolution
		{928FE324-F54C-47AF-9117-1DF5B9BA54C7}.Debug|Any CPU.ActiveCfg = Debug|Any CPU
		{928FE324-F54C-47AF-9117-1DF5B9BA54C7}.Debug|Any CPU.Build.0 = Debug|Any CPU
		{928FE324-F54C-47AF-9117-1DF5B9BA54C7}.Release|Any CPU.ActiveCfg = Release|Any CPU
		{928FE324-F54C-47AF-9117-1DF5B9BA54C7}.Release|Any CPU.Build.0 = Release|Any CPU
		{04168C64-EBD6-45BB-B517-1FF1135E9EFE}.Debug|Any CPU.ActiveCfg = Debug|Any CPU
		{04168C64-EBD6-45BB-B517-1FF1135E9EFE}.Debug|Any CPU.Build.0 = Debug|Any CPU
		{04168C64-EBD6-45BB-B517-1FF1135E9EFE}.Release|Any CPU.ActiveCfg = Release|Any CPU
		{04168C64-EBD6-45BB-B517-1FF1135E9EFE}.Release|Any CPU.Build.0 = Release|Any CPU
	EndGlobalSection
	GlobalSection(SolutionProperties) = preSolution
		HideSolutionNode = FALSE
	EndGlobalSection
	GlobalSection(ExtensibilityGlobals) = postSolution
		SolutionGuid = {6B4A2562-2655-483D-8717-8D2BEBD95551}
	EndGlobalSection
EndGlobal
